
Microsoft Visual Studio Solution File, Format Version 12.00
# Visual Studio 14
VisualStudioVersion = 14.0.25420.1
MinimumVisualStudioVersion = 10.0.40219.1
Project("{FAE04EC0-301F-11D3-BF4B-00C04F79EFBC}") = "wuzq", "wuzq\wuzq.csproj", "{DF1AE5BE-37FB-48E0-8890-7E89F9231E8B}"
EndProject
Project("{FAE04EC0-301F-11D3-BF4B-00C04F79EFBC}") = "WindowsFormsApplication1", "WindowsFormsApplication1\WindowsFormsApplication1.csproj", "{987C2F79-BAC2-4D21-BCB2-D0829F5BC4DB}"
EndProject
Global
	GlobalSection(SolutionConfigurationPlatforms) = preSolution
		Debug|Any CPU = Debug|Any CPU
		Release|Any CPU = Release|Any CPU
	EndGlobalSection
	GlobalSection(ProjectConfigurationPlatforms) = postSolution
		{DF1AE5BE-37FB-48E0-8890-7E89F9231E8B}.Debug|Any CPU.ActiveCfg = Debug|Any CPU
		{DF1AE5BE-37FB-48E0-8890-7E89F9231E8B}.Debug|Any CPU.Build.0 = Debug|Any CPU
		{DF1AE5BE-37FB-48E0-8890-7E89F9231E8B}.Release|Any CPU.ActiveCfg = Release|Any CPU
		{DF1AE5BE-37FB-48E0-8890-7E89F9231E8B}.Release|Any CPU.Build.0 = Release|Any CPU
		{987C2F79-BAC2-4D21-BCB2-D0829F5BC4DB}.Debug|Any CPU.ActiveCfg = Debug|Any CPU
		{987C2F79-BAC2-4D21-BCB2-D0829F5BC4DB}.Debug|Any CPU.Build.0 = Debug|Any CPU
		{987C2F79-BAC2-4D21-BCB2-D0829F5BC4DB}.Release|Any CPU.ActiveCfg = Release|Any CPU
		{987C2F79-BAC2-4D21-BCB2-D0829F5BC4DB}.Release|Any CPU.Build.0 = Release|Any CPU
	EndGlobalSection
	GlobalSection(SolutionProperties) = preSolution
		HideSolutionNode = FALSE
	EndGlobalSection
EndGlobal
